// !$*UTF8*$!
{
	archiveVersion = 1;
	classes = {
	};
	objectVersion = 46;
	objects = {

/* Begin PBXBuildFile section */
		DF4703931A27524A001B88BC /* main.m in Sources */ = {isa = PBXBuildFile; fileRef = DF4703921A27524A001B88BC /* main.m */; };
		DF47039C1A27524A001B88BC /* Main.storyboard in Resources */ = {isa = PBXBuildFile; fileRef = DF47039A1A27524A001B88BC /* Main.storyboard */; };
		DF47039E1A27524A001B88BC /* Images.xcassets in Resources */ = {isa = PBXBuildFile; fileRef = DF47039D1A27524A001B88BC /* Images.xcassets */; };
		DF4703A11A27524A001B88BC /* LaunchScreen.xib in Resources */ = {isa = PBXBuildFile; fileRef = DF47039F1A27524A001B88BC /* LaunchScreen.xib */; };
		DF4703AD1A27524A001B88BC /* JZWPhotoSelectorTests.m in Sources */ = {isa = PBXBuildFile; fileRef = DF4703AC1A27524A001B88BC /* JZWPhotoSelectorTests.m */; };
		DF4703BC1A275377001B88BC /* AppDelegate.m in Sources */ = {isa = PBXBuildFile; fileRef = DF4703B91A275377001B88BC /* AppDelegate.m */; };
		DF4703BD1A275377001B88BC /* ViewController.m in Sources */ = {isa = PBXBuildFile; fileRef = DF4703BB1A275377001B88BC /* ViewController.m */; };
		DF4703C01A28059E001B88BC /* JZWAsset.m in Sources */ = {isa = PBXBuildFile; fileRef = DF4703BF1A28059E001B88BC /* JZWAsset.m */; };
		DF4703C31A2805B6001B88BC /* JZWAssetGroup.m in Sources */ = {isa = PBXBuildFile; fileRef = DF4703C21A2805B6001B88BC /* JZWAssetGroup.m */; };
		DF4703C51A280B14001B88BC /* AssetsLibrary.framework in Frameworks */ = {isa = PBXBuildFile; fileRef = DF4703C41A280B14001B88BC /* AssetsLibrary.framework */; };
		DF4703C81A280B87001B88BC /* JZWPhotoSelector.h in Sources */ = {isa = PBXBuildFile; fileRef = DF4703C71A280B87001B88BC /* JZWPhotoSelector.h */; };
		DF4703CB1A287258001B88BC /* JZWAssetLibrary.m in Sources */ = {isa = PBXBuildFile; fileRef = DF4703CA1A287258001B88BC /* JZWAssetLibrary.m */; };
		DF85075E1A66202E008D11A4 /* JZWAssetsGroupTableController.m in Sources */ = {isa = PBXBuildFile; fileRef = DF85075D1A66202E008D11A4 /* JZWAssetsGroupTableController.m */; };
		DFC39D801A2C048F0011C3EA /* JZWAssetDefine.h in Sources */ = {isa = PBXBuildFile; fileRef = DFC39D7F1A2C048F0011C3EA /* JZWAssetDefine.h */; };
		DFC39D831A2C0EA70011C3EA /* JZWAssetsUtils.m in Sources */ = {isa = PBXBuildFile; fileRef = DFC39D821A2C0EA70011C3EA /* JZWAssetsUtils.m */; };
/* End PBXBuildFile section */

/* Begin PBXContainerItemProxy section */
		DF4703A71A27524A001B88BC /* PBXContainerItemProxy */ = {
			isa = PBXContainerItemProxy;
			containerPortal = DF4703851A27524A001B88BC /* Project object */;
			proxyType = 1;
			remoteGlobalIDString = DF47038C1A27524A001B88BC;
			remoteInfo = JZWPhotoSelector;
		};
/* End PBXContainerItemProxy section */

/* Begin PBXFileReference section */
		DF47038D1A27524A001B88BC /* JZWPhotoSelector.app */ = {isa = PBXFileReference; explicitFileType = wrapper.application; includeInIndex = 0; path = JZWPhotoSelector.app; sourceTree = BUILT_PRODUCTS_DIR; };
		DF4703911A27524A001B88BC /* Info.plist */ = {isa = PBXFileReference; lastKnownFileType = text.plist.xml; path = Info.plist; sourceTree = "<group>"; };
		DF4703921A27524A001B88BC /* main.m */ = {isa = PBXFileReference; lastKnownFileType = sourcecode.c.objc; path = main.m; sourceTree = "<group>"; };
		DF47039B1A27524A001B88BC /* Base */ = {isa = PBXFileReference; lastKnownFileType = file.storyboard; name = Base; path = Base.lproj/Main.storyboard; sourceTree = "<group>"; };
		DF47039D1A27524A001B88BC /* Images.xcassets */ = {isa = PBXFileReference; lastKnownFileType = folder.assetcatalog; path = Images.xcassets; sourceTree = "<group>"; };
		DF4703A01A27524A001B88BC /* Base */ = {isa = PBXFileReference; lastKnownFileType = file.xib; name = Base; path = Base.lproj/LaunchScreen.xib; sourceTree = "<group>"; };
		DF4703A61A27524A001B88BC /* JZWPhotoSelectorTests.xctest */ = {isa = PBXFileReference; explicitFileType = wrapper.cfbundle; includeInIndex = 0; path = JZWPhotoSelectorTests.xctest; sourceTree = BUILT_PRODUCTS_DIR; };
		DF4703AB1A27524A001B88BC /* Info.plist */ = {isa = PBXFileReference; lastKnownFileType = text.plist.xml; path = Info.plist; sourceTree = "<group>"; };
		DF4703AC1A27524A001B88BC /* JZWPhotoSelectorTests.m */ = {isa = PBXFileReference; lastKnownFileType = sourcecode.c.objc; path = JZWPhotoSelectorTests.m; sourceTree = "<group>"; };
		DF4703B81A275377001B88BC /* AppDelegate.h */ = {isa = PBXFileReference; fileEncoding = 4; lastKnownFileType = sourcecode.c.h; name = AppDelegate.h; path = Others/AppDelegate.h; sourceTree = "<group>"; };
		DF4703B91A275377001B88BC /* AppDelegate.m */ = {isa = PBXFileReference; fileEncoding = 4; lastKnownFileType = sourcecode.c.objc; name = AppDelegate.m; path = Others/AppDelegate.m; sourceTree = "<group>"; };
		DF4703BA1A275377001B88BC /* ViewController.h */ = {isa = PBXFileReference; fileEncoding = 4; lastKnownFileType = sourcecode.c.h; name = ViewController.h; path = Others/ViewController.h; sourceTree = "<group>"; };
		DF4703BB1A275377001B88BC /* ViewController.m */ = {isa = PBXFileReference; fileEncoding = 4; lastKnownFileType = sourcecode.c.objc; name = ViewController.m; path = Others/ViewController.m; sourceTree = "<group>"; };
		DF4703BE1A28059E001B88BC /* JZWAsset.h */ = {isa = PBXFileReference; fileEncoding = 4; lastKnownFileType = sourcecode.c.h; name = JZWAsset.h; path = PhotoSelector/JZWAsset.h; sourceTree = "<group>"; };
		DF4703BF1A28059E001B88BC /* JZWAsset.m */ = {isa = PBXFileReference; fileEncoding = 4; lastKnownFileType = sourcecode.c.objc; name = JZWAsset.m; path = PhotoSelector/JZWAsset.m; sourceTree = "<group>"; };
		DF4703C11A2805B6001B88BC /* JZWAssetGroup.h */ = {isa = PBXFileReference; fileEncoding = 4; lastKnownFileType = sourcecode.c.h; name = JZWAssetGroup.h; path = PhotoSelector/JZWAssetGroup.h; sourceTree = "<group>"; };
		DF4703C21A2805B6001B88BC /* JZWAssetGroup.m */ = {isa = PBXFileReference; fileEncoding = 4; lastKnownFileType = sourcecode.c.objc; name = JZWAssetGroup.m; path = PhotoSelector/JZWAssetGroup.m; sourceTree = "<group>"; };
		DF4703C41A280B14001B88BC /* AssetsLibrary.framework */ = {isa = PBXFileReference; lastKnownFileType = wrapper.framework; name = AssetsLibrary.framework; path = System/Library/Frameworks/AssetsLibrary.framework; sourceTree = SDKROOT; };
		DF4703C71A280B87001B88BC /* JZWPhotoSelector.h */ = {isa = PBXFileReference; fileEncoding = 4; lastKnownFileType = sourcecode.c.h; name = JZWPhotoSelector.h; path = PhotoSelector/JZWPhotoSelector.h; sourceTree = "<group>"; };
		DF4703C91A287258001B88BC /* JZWAssetLibrary.h */ = {isa = PBXFileReference; fileEncoding = 4; lastKnownFileType = sourcecode.c.h; name = JZWAssetLibrary.h; path = PhotoSelector/JZWAssetLibrary.h; sourceTree = "<group>"; };
		DF4703CA1A287258001B88BC /* JZWAssetLibrary.m */ = {isa = PBXFileReference; fileEncoding = 4; lastKnownFileType = sourcecode.c.objc; name = JZWAssetLibrary.m; path = PhotoSelector/JZWAssetLibrary.m; sourceTree = "<group>"; };
		DF85075C1A66202E008D11A4 /* JZWAssetsGroupTableController.h */ = {isa = PBXFileReference; fileEncoding = 4; lastKnownFileType = sourcecode.c.h; name = JZWAssetsGroupTableController.h; path = PhotoSelector/JZWAssetsGroupTableController.h; sourceTree = "<group>"; };
		DF85075D1A66202E008D11A4 /* JZWAssetsGroupTableController.m */ = {isa = PBXFileReference; fileEncoding = 4; lastKnownFileType = sourcecode.c.objc; name = JZWAssetsGroupTableController.m; path = PhotoSelector/JZWAssetsGroupTableController.m; sourceTree = "<group>"; };
		DFC39D7F1A2C048F0011C3EA /* JZWAssetDefine.h */ = {isa = PBXFileReference; fileEncoding = 4; lastKnownFileType = sourcecode.c.h; name = JZWAssetDefine.h; path = PhotoSelector/JZWAssetDefine.h; sourceTree = "<group>"; };
		DFC39D811A2C0EA70011C3EA /* JZWAssetsUtils.h */ = {isa = PBXFileReference; fileEncoding = 4; lastKnownFileType = sourcecode.c.h; name = JZWAssetsUtils.h; path = PhotoSelector/JZWAssetsUtils.h; sourceTree = "<group>"; };
		DFC39D821A2C0EA70011C3EA /* JZWAssetsUtils.m */ = {isa = PBXFileReference; fileEncoding = 4; lastKnownFileType = sourcecode.c.objc; name = JZWAssetsUtils.m; path = PhotoSelector/JZWAssetsUtils.m; sourceTree = "<group>"; };
/* End PBXFileReference section */

/* Begin PBXFrameworksBuildPhase section */
		DF47038A1A27524A001B88BC /* Frameworks */ = {
			isa = PBXFrameworksBuildPhase;
			buildActionMask = 2147483647;
			files = (
				DF4703C51A280B14001B88BC /* AssetsLibrary.framework in Frameworks */,
			);
			runOnlyForDeploymentPostprocessing = 0;
		};
		DF4703A31A27524A001B88BC /* Frameworks */ = {
			isa = PBXFrameworksBuildPhase;
			buildActionMask = 2147483647;
			files = (
			);
			runOnlyForDeploymentPostprocessing = 0;
		};
/* End PBXFrameworksBuildPhase section */

/* Begin PBXGroup section */
		DF4703841A27524A001B88BC = {
			isa = PBXGroup;
			children = (
				DF47038F1A27524A001B88BC /* JZWPhotoSelector */,
				DF4703A91A27524A001B88BC /* JZWPhotoSelectorTests */,
				DF47038E1A27524A001B88BC /* Products */,
			);
			sourceTree = "<group>";
		};
		DF47038E1A27524A001B88BC /* Products */ = {
			isa = PBXGroup;
			children = (
				DF47038D1A27524A001B88BC /* JZWPhotoSelector.app */,
				DF4703A61A27524A001B88BC /* JZWPhotoSelectorTests.xctest */,
			);
			name = Products;
			sourceTree = "<group>";
		};
		DF47038F1A27524A001B88BC /* JZWPhotoSelector */ = {
			isa = PBXGroup;
			children = (
				DF4703C61A280B20001B88BC /* Library */,
				DF4703B71A275295001B88BC /* JZWPhotoSelector */,
				DF4703B61A27528E001B88BC /* Others */,
				DF47039A1A27524A001B88BC /* Main.storyboard */,
				DF47039D1A27524A001B88BC /* Images.xcassets */,
				DF47039F1A27524A001B88BC /* LaunchScreen.xib */,
				DF4703901A27524A001B88BC /* Supporting Files */,
			);
			path = JZWPhotoSelector;
			sourceTree = "<group>";
		};
		DF4703901A27524A001B88BC /* Supporting Files */ = {
			isa = PBXGroup;
			children = (
				DF4703911A27524A001B88BC /* Info.plist */,
				DF4703921A27524A001B88BC /* main.m */,
			);
			name = "Supporting Files";
			sourceTree = "<group>";
		};
		DF4703A91A27524A001B88BC /* JZWPhotoSelectorTests */ = {
			isa = PBXGroup;
			children = (
				DF4703AC1A27524A001B88BC /* JZWPhotoSelectorTests.m */,
				DF4703AA1A27524A001B88BC /* Supporting Files */,
			);
			path = JZWPhotoSelectorTests;
			sourceTree = "<group>";
		};
		DF4703AA1A27524A001B88BC /* Supporting Files */ = {
			isa = PBXGroup;
			children = (
				DF4703AB1A27524A001B88BC /* Info.plist */,
			);
			name = "Supporting Files";
			sourceTree = "<group>";
		};
		DF4703B61A27528E001B88BC /* Others */ = {
			isa = PBXGroup;
			children = (
				DF4703B81A275377001B88BC /* AppDelegate.h */,
				DF4703B91A275377001B88BC /* AppDelegate.m */,
				DF4703BA1A275377001B88BC /* ViewController.h */,
				DF4703BB1A275377001B88BC /* ViewController.m */,
			);
			name = Others;
			sourceTree = "<group>";
		};
		DF4703B71A275295001B88BC /* JZWPhotoSelector */ = {
			isa = PBXGroup;
			children = (
				DF82ADD11A6612810039B174 /* View */,
				DF82ADD01A6612610039B174 /* header */,
				DF7CC5951A5E6685008C952E /* model */,
			);
			name = JZWPhotoSelector;
			sourceTree = "<group>";
		};
		DF4703C61A280B20001B88BC /* Library */ = {
			isa = PBXGroup;
			children = (
				DF4703C41A280B14001B88BC /* AssetsLibrary.framework */,
			);
			name = Library;
			sourceTree = "<group>";
		};
		DF7CC5951A5E6685008C952E /* model */ = {
			isa = PBXGroup;
			children = (
				DF4703C91A287258001B88BC /* JZWAssetLibrary.h */,
				DF4703CA1A287258001B88BC /* JZWAssetLibrary.m */,
				DFC39D811A2C0EA70011C3EA /* JZWAssetsUtils.h */,
				DFC39D821A2C0EA70011C3EA /* JZWAssetsUtils.m */,
				DFC39D7F1A2C048F0011C3EA /* JZWAssetDefine.h */,
				DF4703BE1A28059E001B88BC /* JZWAsset.h */,
				DF4703BF1A28059E001B88BC /* JZWAsset.m */,
				DF4703C11A2805B6001B88BC /* JZWAssetGroup.h */,
				DF4703C21A2805B6001B88BC /* JZWAssetGroup.m */,
			);
			name = model;
			sourceTree = "<group>";
		};
		DF82ADD01A6612610039B174 /* header */ = {
			isa = PBXGroup;
			children = (
				DF4703C71A280B87001B88BC /* JZWPhotoSelector.h */,
			);
			name = header;
			sourceTree = "<group>";
		};
		DF82ADD11A6612810039B174 /* View */ = {
			isa = PBXGroup;
			children = (
				DF85075C1A66202E008D11A4 /* JZWAssetsGroupTableController.h */,
				DF85075D1A66202E008D11A4 /* JZWAssetsGroupTableController.m */,
			);
			name = View;
			sourceTree = "<group>";
		};
/* End PBXGroup section */

/* Begin PBXNativeTarget section */
		DF47038C1A27524A001B88BC /* JZWPhotoSelector */ = {
			isa = PBXNativeTarget;
			buildConfigurationList = DF4703B01A27524A001B88BC /* Build configuration list for PBXNativeTarget "JZWPhotoSelector" */;
			buildPhases = (
				DF4703891A27524A001B88BC /* Sources */,
				DF47038A1A27524A001B88BC /* Frameworks */,
				DF47038B1A27524A001B88BC /* Resources */,
			);
			buildRules = (
			);
			dependencies = (
			);
			name = JZWPhotoSelector;
			productName = JZWPhotoSelector;
			productReference = DF47038D1A27524A001B88BC /* JZWPhotoSelector.app */;
			productType = "com.apple.product-type.application";
		};
		DF4703A51A27524A001B88BC /* JZWPhotoSelectorTests */ = {
			isa = PBXNativeTarget;
			buildConfigurationList = DF4703B31A27524A001B88BC /* Build configuration list for PBXNativeTarget "JZWPhotoSelectorTests" */;
			buildPhases = (
				DF4703A21A27524A001B88BC /* Sources */,
				DF4703A31A27524A001B88BC /* Frameworks */,
				DF4703A41A27524A001B88BC /* Resources */,
			);
			buildRules = (
			);
			dependencies = (
				DF4703A81A27524A001B88BC /* PBXTargetDependency */,
			);
			name = JZWPhotoSelectorTests;
			productName = JZWPhotoSelectorTests;
			productReference = DF4703A61A27524A001B88BC /* JZWPhotoSelectorTests.xctest */;
			productType = "com.apple.product-type.bundle.unit-test";
		};
/* End PBXNativeTarget section */

/* Begin PBXProject section */
		DF4703851A27524A001B88BC /* Project object */ = {
			isa = PBXProject;
			attributes = {
				LastUpgradeCheck = 0610;
				ORGANIZATIONNAME = com.JZWang.com;
				TargetAttributes = {
					DF47038C1A27524A001B88BC = {
						CreatedOnToolsVersion = 6.1;
					};
					DF4703A51A27524A001B88BC = {
						CreatedOnToolsVersion = 6.1;
						TestTargetID = DF47038C1A27524A001B88BC;
					};
				};
			};
			buildConfigurationList = DF4703881A27524A001B88BC /* Build configuration list for PBXProject "JZWPhotoSelector" */;
			compatibilityVersion = "Xcode 3.2";
			developmentRegion = English;
			hasScannedForEncodings = 0;
			knownRegions = (
				en,
				Base,
			);
			mainGroup = DF4703841A27524A001B88BC;
			productRefGroup = DF47038E1A27524A001B88BC /* Products */;
			projectDirPath = "";
			projectRoot = "";
			targets = (
				DF47038C1A27524A001B88BC /* JZWPhotoSelector */,
				DF4703A51A27524A001B88BC /* JZWPhotoSelectorTests */,
			);
		};
/* End PBXProject section */

/* Begin PBXResourcesBuildPhase section */
		DF47038B1A27524A001B88BC /* Resources */ = {
			isa = PBXResourcesBuildPhase;
			buildActionMask = 2147483647;
			files = (
				DF47039C1A27524A001B88BC /* Main.storyboard in Resources */,
				DF4703A11A27524A001B88BC /* LaunchScreen.xib in Resources */,
				DF47039E1A27524A001B88BC /* Images.xcassets in Resources */,
			);
			runOnlyForDeploymentPostprocessing = 0;
		};
		DF4703A41A27524A001B88BC /* Resources */ = {
			isa = PBXResourcesBuildPhase;
			buildActionMask = 2147483647;
			files = (
			);
			runOnlyForDeploymentPostprocessing = 0;
		};
/* End PBXResourcesBuildPhase section */

/* Begin PBXSourcesBuildPhase section */
		DF4703891A27524A001B88BC /* Sources */ = {
			isa = PBXSourcesBuildPhase;
			buildActionMask = 2147483647;
			files = (
				DFC39D831A2C0EA70011C3EA /* JZWAssetsUtils.m in Sources */,
				DF4703CB1A287258001B88BC /* JZWAssetLibrary.m in Sources */,
				DFC39D801A2C048F0011C3EA /* JZWAssetDefine.h in Sources */,
				DF4703C01A28059E001B88BC /* JZWAsset.m in Sources */,
				DF4703C81A280B87001B88BC /* JZWPhotoSelector.h in Sources */,
				DF85075E1A66202E008D11A4 /* JZWAssetsGroupTableController.m in Sources */,
				DF4703C31A2805B6001B88BC /* JZWAssetGroup.m in Sources */,
				DF4703BD1A275377001B88BC /* ViewController.m in Sources */,
				DF4703BC1A275377001B88BC /* AppDelegate.m in Sources */,
				DF4703931A27524A001B88BC /* main.m in Sources */,
			);
			runOnlyForDeploymentPostprocessing = 0;
		};
		DF4703A21A27524A001B88BC /* Sources */ = {
			isa = PBXSourcesBuildPhase;
			buildActionMask = 2147483647;
			files = (
				DF4703AD1A27524A001B88BC /* JZWPhotoSelectorTests.m in Sources */,
			);
			runOnlyForDeploymentPostprocessing = 0;
		};
/* End PBXSourcesBuildPhase section */

/* Begin PBXTargetDependency section */
		DF4703A81A27524A001B88BC /* PBXTargetDependency */ = {
			isa = PBXTargetDependency;
			target = DF47038C1A27524A001B88BC /* JZWPhotoSelector */;
			targetProxy = DF4703A71A27524A001B88BC /* PBXContainerItemProxy */;
		};
/* End PBXTargetDependency section */

/* Begin PBXVariantGroup section */
		DF47039A1A27524A001B88BC /* Main.storyboard */ = {
			isa = PBXVariantGroup;
			children = (
				DF47039B1A27524A001B88BC /* Base */,
			);
			name = Main.storyboard;
			sourceTree = "<group>";
		};
		DF47039F1A27524A001B88BC /* LaunchScreen.xib */ = {
			isa = PBXVariantGroup;
			children = (
				DF4703A01A27524A001B88BC /* Base */,
			);
			name = LaunchScreen.xib;
			sourceTree = "<group>";
		};
/* End PBXVariantGroup section */

/* Begin XCBuildConfiguration section */
		DF4703AE1A27524A001B88BC /* Debug */ = {
			isa = XCBuildConfiguration;
			buildSettings = {
				ALWAYS_SEARCH_USER_PATHS = NO;
				CLANG_CXX_LANGUAGE_STANDARD = "gnu++0x";
				CLANG_CXX_LIBRARY = "libc++";
				CLANG_ENABLE_MODULES = YES;
				CLANG_ENABLE_OBJC_ARC = YES;
				CLANG_WARN_BOOL_CONVERSION = YES;
				CLANG_WARN_CONSTANT_CONVERSION = YES;
				CLANG_WARN_DIRECT_OBJC_ISA_USAGE = YES_ERROR;
				CLANG_WARN_EMPTY_BODY = YES;
				CLANG_WARN_ENUM_CONVERSION = YES;
				CLANG_WARN_INT_CONVERSION = YES;
				CLANG_WARN_OBJC_ROOT_CLASS = YES_ERROR;
				CLANG_WARN_UNREACHABLE_CODE = YES;
				CLANG_WARN__DUPLICATE_METHOD_MATCH = YES;
				"CODE_SIGN_IDENTITY[sdk=iphoneos*]" = "iPhone Developer";
				COPY_PHASE_STRIP = NO;
				ENABLE_STRICT_OBJC_MSGSEND = YES;
				GCC_C_LANGUAGE_STANDARD = gnu99;
				GCC_DYNAMIC_NO_PIC = NO;
				GCC_OPTIMIZATION_LEVEL = 0;
				GCC_PREPROCESSOR_DEFINITIONS = (
					"DEBUG=1",
					"$(inherited)",
				);
				GCC_SYMBOLS_PRIVATE_EXTERN = NO;
				GCC_WARN_64_TO_32_BIT_CONVERSION = YES;
				GCC_WARN_ABOUT_RETURN_TYPE = YES_ERROR;
				GCC_WARN_UNDECLARED_SELECTOR = YES;
				GCC_WARN_UNINITIALIZED_AUTOS = YES_AGGRESSIVE;
				GCC_WARN_UNUSED_FUNCTION = YES;
				GCC_WARN_UNUSED_VARIABLE = YES;
				IPHONEOS_DEPLOYMENT_TARGET = 8.1;
				MTL_ENABLE_DEBUG_INFO = YES;
				ONLY_ACTIVE_ARCH = YES;
				SDKROOT = iphoneos;
				TARGETED_DEVICE_FAMILY = "1,2";
			};
			name = Debug;
		};
		DF4703AF1A27524A001B88BC /* Release */ = {
			isa = XCBuildConfiguration;
			buildSettings = {
				ALWAYS_SEARCH_USER_PATHS = NO;
				CLANG_CXX_LANGUAGE_STANDARD = "gnu++0x";
				CLANG_CXX_LIBRARY = "libc++";
				CLANG_ENABLE_MODULES = YES;
				CLANG_ENABLE_OBJC_ARC = YES;
				CLANG_WARN_BOOL_CONVERSION = YES;
				CLANG_WARN_CONSTANT_CONVERSION = YES;
				CLANG_WARN_DIRECT_OBJC_ISA_USAGE = YES_ERROR;
				CLANG_WARN_EMPTY_BODY = YES;
				CLANG_WARN_ENUM_CONVERSION = YES;
				CLANG_WARN_INT_CONVERSION = YES;
				CLANG_WARN_OBJC_ROOT_CLASS = YES_ERROR;
				CLANG_WARN_UNREACHABLE_CODE = YES;
				CLANG_WARN__DUPLICATE_METHOD_MATCH = YES;
				"CODE_SIGN_IDENTITY[sdk=iphoneos*]" = "iPhone Developer";
				COPY_PHASE_STRIP = YES;
				ENABLE_NS_ASSERTIONS = NO;
				ENABLE_STRICT_OBJC_MSGSEND = YES;
				GCC_C_LANGUAGE_STANDARD = gnu99;
				GCC_WARN_64_TO_32_BIT_CONVERSION = YES;
				GCC_WARN_ABOUT_RETURN_TYPE = YES_ERROR;
				GCC_WARN_UNDECLARED_SELECTOR = YES;
				GCC_WARN_UNINITIALIZED_AUTOS = YES_AGGRESSIVE;
				GCC_WARN_UNUSED_FUNCTION = YES;
				GCC_WARN_UNUSED_VARIABLE = YES;
				IPHONEOS_DEPLOYMENT_TARGET = 8.1;
				MTL_ENABLE_DEBUG_INFO = NO;
				SDKROOT = iphoneos;
				TARGETED_DEVICE_FAMILY = "1,2";
				VALIDATE_PRODUCT = YES;
			};
			name = Release;
		};
		DF4703B11A27524A001B88BC /* Debug */ = {
			isa = XCBuildConfiguration;
			buildSettings = {
				ASSETCATALOG_COMPILER_APPICON_NAME = AppIcon;
				"CODE_SIGN_IDENTITY[sdk=iphoneos*]" = "iPhone Developer: DONG ZHAO (ULH6RG9TC8)";
				INFOPLIST_FILE = JZWPhotoSelector/Info.plist;
				LD_RUNPATH_SEARCH_PATHS = "$(inherited) @executable_path/Frameworks";
				PRODUCT_NAME = "$(TARGET_NAME)";
			};
			name = Debug;
		};
		DF4703B21A27524A001B88BC /* Release */ = {
			isa = XCBuildConfiguration;
			buildSettings = {
				ASSETCATALOG_COMPILER_APPICON_NAME = AppIcon;
				INFOPLIST_FILE = JZWPhotoSelector/Info.plist;
				LD_RUNPATH_SEARCH_PATHS = "$(inherited) @executable_path/Frameworks";
				PRODUCT_NAME = "$(TARGET_NAME)";
			};
			name = Release;
		};
		DF4703B41A27524A001B88BC /* Debug */ = {
			isa = XCBuildConfiguration;
			buildSettings = {
				BUNDLE_LOADER = "$(TEST_HOST)";
				FRAMEWORK_SEARCH_PATHS = (
					"$(SDKROOT)/Developer/Library/Frameworks",
					"$(inherited)",
				);
				GCC_PREPROCESSOR_DEFINITIONS = (
					"DEBUG=1",
					"$(inherited)",
				);
				INFOPLIST_FILE = JZWPhotoSelectorTests/Info.plist;
				LD_RUNPATH_SEARCH_PATHS = "$(inherited) @executable_path/Frameworks @loader_path/Frameworks";
				PRODUCT_NAME = "$(TARGET_NAME)";
				TEST_HOST = "$(BUILT_PRODUCTS_DIR)/JZWPhotoSelector.app/JZWPhotoSelector";
			};
			name = Debug;
		};
		DF4703B51A27524A001B88BC /* Release */ = {
			isa = XCBuildConfiguration;
			buildSettings = {
				BUNDLE_LOADER = "$(TEST_HOST)";
				FRAMEWORK_SEARCH_PATHS = (
					"$(SDKROOT)/Developer/Library/Frameworks",
					"$(inherited)",
				);
				INFOPLIST_FILE = JZWPhotoSelectorTests/Info.plist;
				LD_RUNPATH_SEARCH_PATHS = "$(inherited) @executable_path/Frameworks @loader_path/Frameworks";
				PRODUCT_NAME = "$(TARGET_NAME)";
				TEST_HOST = "$(BUILT_PRODUCTS_DIR)/JZWPhotoSelector.app/JZWPhotoSelector";
			};
			name = Release;
		};
/* End XCBuildConfiguration section */

/* Begin XCConfigurationList section */
		DF4703881A27524A001B88BC /* Build configuration list for PBXProject "JZWPhotoSelector" */ = {
			isa = XCConfigurationList;
			buildConfigurations = (
				DF4703AE1A27524A001B88BC /* Debug */,
				DF4703AF1A27524A001B88BC /* Release */,
			);
			defaultConfigurationIsVisible = 0;
			defaultConfigurationName = Release;
		};
		DF4703B01A27524A001B88BC /* Build configuration list for PBXNativeTarget "JZWPhotoSelector" */ = {
			isa = XCConfigurationList;
			buildConfigurations = (
				DF4703B11A27524A001B88BC /* Debug */,
				DF4703B21A27524A001B88BC /* Release */,
			);
			defaultConfigurationIsVisible = 0;
			defaultConfigurationName = Release;
		};
		DF4703B31A27524A001B88BC /* Build configuration list for PBXNativeTarget "JZWPhotoSelectorTests" */ = {
			isa = XCConfigurationList;
			buildConfigurations = (
				DF4703B41A27524A001B88BC /* Debug */,
				DF4703B51A27524A001B88BC /* Release */,
			);
			defaultConfigurationIsVisible = 0;
			defaultConfigurationName = Release;
		};
/* End XCConfigurationList section */
	};
	rootObject = DF4703851A27524A001B88BC /* Project object */;
}
